
Microsoft Visual Studio Solution File, Format Version 12.00
# Visual Studio 15
VisualStudioVersion = 15.0.27703.2000
MinimumVisualStudioVersion = 10.0.40219.1
Project("{FAE04EC0-301F-11D3-BF4B-00C04F79EFBC}") = "MVC-authorization", "MVC-authorization\MVC-authorization.csproj", "{DE2ACD29-6627-429C-908B-9007AE147CAF}"
EndProject
Global
	GlobalSection(SolutionConfigurationPlatforms) = preSolution
		Debug|Any CPU = Debug|Any CPU
		Release|Any CPU = Release|Any CPU
	EndGlobalSection
	GlobalSection(ProjectConfigurationPlatforms) = postSolution
		{DE2ACD29-6627-429C-908B-9007AE147CAF}.Debug|Any CPU.ActiveCfg = Debug|Any CPU
		{DE2ACD29-6627-429C-908B-9007AE147CAF}.Debug|Any CPU.Build.0 = Debug|Any CPU
		{DE2ACD29-6627-429C-908B-9007AE147CAF}.Release|Any CPU.ActiveCfg = Release|Any CPU
		{DE2ACD29-6627-429C-908B-9007AE147CAF}.Release|Any CPU.Build.0 = Release|Any CPU
	EndGlobalSection
	GlobalSection(SolutionProperties) = preSolution
		HideSolutionNode = FALSE
	EndGlobalSection
	GlobalSection(ExtensibilityGlobals) = postSolution
		SolutionGuid = {4796A202-E6D2-44DE-AEAE-DA2E47EDB081}
	EndGlobalSection
EndGlobal
